
Microsoft Visual Studio Solution File, Format Version 12.00
# Visual Studio 15
VisualStudioVersion = 15.0.28307.168
MinimumVisualStudioVersion = 10.0.40219.1
Project("{FAE04EC0-301F-11D3-BF4B-00C04F79EFBC}") = "Nexaas.ID.Client.DotNetFramework.4.5", "Nexaas.ID.Client.DotNetFramework.4.5\Nexaas.ID.Client.DotNetFramework.4.5.csproj", "{1188945F-8F34-4D27-AFC1-703C113D75CB}"
EndProject
Global
	GlobalSection(SolutionConfigurationPlatforms) = preSolution
		Debug|Any CPU = Debug|Any CPU
		Release|Any CPU = Release|Any CPU
	EndGlobalSection
	GlobalSection(ProjectConfigurationPlatforms) = postSolution
		{1188945F-8F34-4D27-AFC1-703C113D75CB}.Debug|Any CPU.ActiveCfg = Debug|Any CPU
		{1188945F-8F34-4D27-AFC1-703C113D75CB}.Debug|Any CPU.Build.0 = Debug|Any CPU
		{1188945F-8F34-4D27-AFC1-703C113D75CB}.Release|Any CPU.ActiveCfg = Release|Any CPU
		{1188945F-8F34-4D27-AFC1-703C113D75CB}.Release|Any CPU.Build.0 = Release|Any CPU
	EndGlobalSection
	GlobalSection(SolutionProperties) = preSolution
		HideSolutionNode = FALSE
	EndGlobalSection
	GlobalSection(ExtensibilityGlobals) = postSolution
		SolutionGuid = {D500A649-2939-40AA-8514-ECF6CAB01CB1}
	EndGlobalSection
EndGlobal
